
Microsoft Visual Studio Solution File, Format Version 12.00
# Visual Studio Version 17
VisualStudioVersion = 17.6.33723.286
MinimumVisualStudioVersion = 10.0.40219.1
Project("{FAE04EC0-301F-11D3-BF4B-00C04F79EFBC}") = "Prueba_tecnica_Summit_Systems", "Prueba_tecnica_Summit_Systems.csproj", "{5E375516-9D94-4B77-A1FF-3F5E88B984F4}"
EndProject
Global
	GlobalSection(SolutionConfigurationPlatforms) = preSolution
		Debug|Any CPU = Debug|Any CPU
		Release|Any CPU = Release|Any CPU
	EndGlobalSection
	GlobalSection(ProjectConfigurationPlatforms) = postSolution
		{5E375516-9D94-4B77-A1FF-3F5E88B984F4}.Debug|Any CPU.ActiveCfg = Debug|Any CPU
		{5E375516-9D94-4B77-A1FF-3F5E88B984F4}.Debug|Any CPU.Build.0 = Debug|Any CPU
		{5E375516-9D94-4B77-A1FF-3F5E88B984F4}.Release|Any CPU.ActiveCfg = Release|Any CPU
		{5E375516-9D94-4B77-A1FF-3F5E88B984F4}.Release|Any CPU.Build.0 = Release|Any CPU
	EndGlobalSection
	GlobalSection(SolutionProperties) = preSolution
		HideSolutionNode = FALSE
	EndGlobalSection
	GlobalSection(ExtensibilityGlobals) = postSolution
		SolutionGuid = {15DD313A-A777-4FDA-8E26-C110A4D3BA7B}
	EndGlobalSection
EndGlobal
